
Microsoft Visual Studio Solution File, Format Version 12.00
# Visual Studio Version 17
VisualStudioVersion = 17.5.002.0
MinimumVisualStudioVersion = 10.0.40219.1
Project("{9A19103F-16F7-4668-BE54-9A1E7A4F7556}") = "LHPet", "LHPet.csproj", "{6879C2BA-88A3-4F37-BC09-5E06E05EF454}"
EndProject
Global
	GlobalSection(SolutionConfigurationPlatforms) = preSolution
		Debug|Any CPU = Debug|Any CPU
		Release|Any CPU = Release|Any CPU
	EndGlobalSection
	GlobalSection(ProjectConfigurationPlatforms) = postSolution
		{6879C2BA-88A3-4F37-BC09-5E06E05EF454}.Debug|Any CPU.ActiveCfg = Debug|Any CPU
		{6879C2BA-88A3-4F37-BC09-5E06E05EF454}.Debug|Any CPU.Build.0 = Debug|Any CPU
		{6879C2BA-88A3-4F37-BC09-5E06E05EF454}.Release|Any CPU.ActiveCfg = Release|Any CPU
		{6879C2BA-88A3-4F37-BC09-5E06E05EF454}.Release|Any CPU.Build.0 = Release|Any CPU
	EndGlobalSection
	GlobalSection(SolutionProperties) = preSolution
		HideSolutionNode = FALSE
	EndGlobalSection
	GlobalSection(ExtensibilityGlobals) = postSolution
		SolutionGuid = {34DC8E6F-768C-4574-A86C-88751B159E68}
	EndGlobalSection
EndGlobal
